
Microsoft Visual Studio Solution File, Format Version 12.00
# Visual Studio Version 17
VisualStudioVersion = 17.6.33815.320
MinimumVisualStudioVersion = 10.0.40219.1
Project("{FAE04EC0-301F-11D3-BF4B-00C04F79EFBC}") = "BeritaKuAPI", "BeritaKuAPI.csproj", "{9A8804E8-0DA8-448E-98BC-7E18104968D4}"
EndProject
Global
	GlobalSection(SolutionConfigurationPlatforms) = preSolution
		Debug|Any CPU = Debug|Any CPU
		Release|Any CPU = Release|Any CPU
	EndGlobalSection
	GlobalSection(ProjectConfigurationPlatforms) = postSolution
		{9A8804E8-0DA8-448E-98BC-7E18104968D4}.Debug|Any CPU.ActiveCfg = Debug|Any CPU
		{9A8804E8-0DA8-448E-98BC-7E18104968D4}.Debug|Any CPU.Build.0 = Debug|Any CPU
		{9A8804E8-0DA8-448E-98BC-7E18104968D4}.Release|Any CPU.ActiveCfg = Release|Any CPU
		{9A8804E8-0DA8-448E-98BC-7E18104968D4}.Release|Any CPU.Build.0 = Release|Any CPU
	EndGlobalSection
	GlobalSection(SolutionProperties) = preSolution
		HideSolutionNode = FALSE
	EndGlobalSection
	GlobalSection(ExtensibilityGlobals) = postSolution
		SolutionGuid = {5AFEA10E-05DC-42A1-A7FC-7AC5232EF1CE}
	EndGlobalSection
EndGlobal
